<Solution>
  <Project Path="DealerManager.WebAPI/DealerManager.WebAPI.csproj" />
  <Project Path="DealerManager.Common/DealerManager.Common.csproj" Id="b6d2abda-5596-4b7b-a3b1-6eb175f39647" />
  <Project Path="DealerManager.Domain/DealerManager.Domain.csproj" />
  <Project Path="DealerManager.Application/DealerManager.Application.csproj" />
  <Project Path="DealerManager.Infrastructure/DealerManager.Infrastructure.csproj" />
</Solution>
